
Microsoft Visual Studio Solution File, Format Version 12.00
# Visual Studio Version 17
VisualStudioVersion = 17.4.33110.190
MinimumVisualStudioVersion = 10.0.40219.1
Project("{FAE04EC0-301F-11D3-BF4B-00C04F79EFBC}") = "MinesServer", "MinesZiga1488\MinesServer.csproj", "{9077E7A9-17BE-4A90-9180-9B66848C9C72}"
EndProject
Global
	GlobalSection(SolutionConfigurationPlatforms) = preSolution
		Debug|Any CPU = Debug|Any CPU
		Release|Any CPU = Release|Any CPU
	EndGlobalSection
	GlobalSection(ProjectConfigurationPlatforms) = postSolution
		{9077E7A9-17BE-4A90-9180-9B66848C9C72}.Debug|Any CPU.ActiveCfg = Debug|Any CPU
		{9077E7A9-17BE-4A90-9180-9B66848C9C72}.Debug|Any CPU.Build.0 = Debug|Any CPU
		{9077E7A9-17BE-4A90-9180-9B66848C9C72}.Release|Any CPU.ActiveCfg = Release|Any CPU
		{9077E7A9-17BE-4A90-9180-9B66848C9C72}.Release|Any CPU.Build.0 = Release|Any CPU
	EndGlobalSection
	GlobalSection(SolutionProperties) = preSolution
		HideSolutionNode = FALSE
	EndGlobalSection
	GlobalSection(ExtensibilityGlobals) = postSolution
		SolutionGuid = {89475E42-E417-41CE-9C30-F75364421ACD}
	EndGlobalSection
EndGlobal
